
Microsoft Visual Studio Solution File, Format Version 12.00
# Visual Studio 15
VisualStudioVersion = 15.0.26403.3
MinimumVisualStudioVersion = 10.0.40219.1
Project("{FAE04EC0-301F-11D3-BF4B-00C04F79EFBC}") = "FF1Randomizer", "FF1Randomizer\FF1Randomizer.csproj", "{B050ECC9-8CB8-4D8C-B6A9-04A1291276DE}"
EndProject
Project("{FAE04EC0-301F-11D3-BF4B-00C04F79EFBC}") = "Sandbox", "Sandbox\Sandbox.csproj", "{59AAF238-1C27-41F1-B543-CA0F805A8E28}"
EndProject
Project("{9A19103F-16F7-4668-BE54-9A1E7A4F7556}") = "FF1Lib", "FF1Lib\FF1Lib.csproj", "{C5F0CF19-C775-4133-AE81-43606C73CB4B}"
EndProject
Project("{FAE04EC0-301F-11D3-BF4B-00C04F79EFBC}") = "FF1R", "FF1R\FF1R.csproj", "{20C8C330-152B-406B-9A2C-378D2AA91001}"
EndProject
Global
	GlobalSection(SolutionConfigurationPlatforms) = preSolution
		Debug|Any CPU = Debug|Any CPU
		Release|Any CPU = Release|Any CPU
	EndGlobalSection
	GlobalSection(ProjectConfigurationPlatforms) = postSolution
		{B050ECC9-8CB8-4D8C-B6A9-04A1291276DE}.Debug|Any CPU.ActiveCfg = Debug|Any CPU
		{B050ECC9-8CB8-4D8C-B6A9-04A1291276DE}.Debug|Any CPU.Build.0 = Debug|Any CPU
		{B050ECC9-8CB8-4D8C-B6A9-04A1291276DE}.Release|Any CPU.ActiveCfg = Release|Any CPU
		{B050ECC9-8CB8-4D8C-B6A9-04A1291276DE}.Release|Any CPU.Build.0 = Release|Any CPU
		{59AAF238-1C27-41F1-B543-CA0F805A8E28}.Debug|Any CPU.ActiveCfg = Debug|Any CPU
		{59AAF238-1C27-41F1-B543-CA0F805A8E28}.Debug|Any CPU.Build.0 = Debug|Any CPU
		{59AAF238-1C27-41F1-B543-CA0F805A8E28}.Release|Any CPU.ActiveCfg = Release|Any CPU
		{59AAF238-1C27-41F1-B543-CA0F805A8E28}.Release|Any CPU.Build.0 = Release|Any CPU
		{C5F0CF19-C775-4133-AE81-43606C73CB4B}.Debug|Any CPU.ActiveCfg = Debug|Any CPU
		{C5F0CF19-C775-4133-AE81-43606C73CB4B}.Debug|Any CPU.Build.0 = Debug|Any CPU
		{C5F0CF19-C775-4133-AE81-43606C73CB4B}.Release|Any CPU.ActiveCfg = Release|Any CPU
		{C5F0CF19-C775-4133-AE81-43606C73CB4B}.Release|Any CPU.Build.0 = Release|Any CPU
		{20C8C330-152B-406B-9A2C-378D2AA91001}.Debug|Any CPU.ActiveCfg = Debug|Any CPU
		{20C8C330-152B-406B-9A2C-378D2AA91001}.Debug|Any CPU.Build.0 = Debug|Any CPU
		{20C8C330-152B-406B-9A2C-378D2AA91001}.Release|Any CPU.ActiveCfg = Release|Any CPU
		{20C8C330-152B-406B-9A2C-378D2AA91001}.Release|Any CPU.Build.0 = Release|Any CPU
	EndGlobalSection
	GlobalSection(SolutionProperties) = preSolution
		HideSolutionNode = FALSE
	EndGlobalSection
EndGlobal
