
Microsoft Visual Studio Solution File, Format Version 12.00
# Visual Studio 15
VisualStudioVersion = 15.0.27130.2010
MinimumVisualStudioVersion = 10.0.40219.1
Project("{9A19103F-16F7-4668-BE54-9A1E7A4F7556}") = "FF1Lib", "FF1Lib\FF1Lib.csproj", "{C5F0CF19-C775-4133-AE81-43606C73CB4B}"
EndProject
Project("{9A19103F-16F7-4668-BE54-9A1E7A4F7556}") = "FF1R", "FF1R\FF1R.csproj", "{20C8C330-152B-406B-9A2C-378D2AA91001}"
EndProject
Project("{2150E333-8FDC-42A3-9474-1A3956D46DE8}") = "Solution Items", "Solution Items", "{F74A70F8-A938-4587-B083-8DC615B98D23}"
	ProjectSection(SolutionItems) = preProject
		.editorconfig = .editorconfig
		.gitignore = .gitignore
	EndProjectSection
EndProject
Project("{FAE04EC0-301F-11D3-BF4B-00C04F79EFBC}") = "FF1Randomizer", "FF1Randomizer\FF1Randomizer.csproj", "{BEF4CF23-2F46-4A02-AE02-649299CDABD7}"
EndProject
Project("{9A19103F-16F7-4668-BE54-9A1E7A4F7556}") = "FF1RandomizerOnline", "FF1RandomizerOnline\FF1RandomizerOnline.csproj", "{597D1B94-E7BA-4798-B2E1-E45A0DC4B77C}"
EndProject
Project("{9A19103F-16F7-4668-BE54-9A1E7A4F7556}") = "Sandbox", "Sandbox\Sandbox.csproj", "{137A7AAB-F962-4988-88E6-363CF49A702A}"
EndProject
Project("{2150E333-8FDC-42A3-9474-1A3956D46DE8}") = ".circleci", ".circleci", "{E8698844-8DA6-44D4-9290-F816B135E44E}"
	ProjectSection(SolutionItems) = preProject
		.circleci\config.yml = .circleci\config.yml
	EndProjectSection
EndProject
Global
	GlobalSection(SolutionConfigurationPlatforms) = preSolution
		Debug|Any CPU = Debug|Any CPU
		Release|Any CPU = Release|Any CPU
	EndGlobalSection
	GlobalSection(ProjectConfigurationPlatforms) = postSolution
		{C5F0CF19-C775-4133-AE81-43606C73CB4B}.Debug|Any CPU.ActiveCfg = Debug|Any CPU
		{C5F0CF19-C775-4133-AE81-43606C73CB4B}.Debug|Any CPU.Build.0 = Debug|Any CPU
		{C5F0CF19-C775-4133-AE81-43606C73CB4B}.Release|Any CPU.ActiveCfg = Release|Any CPU
		{C5F0CF19-C775-4133-AE81-43606C73CB4B}.Release|Any CPU.Build.0 = Release|Any CPU
		{20C8C330-152B-406B-9A2C-378D2AA91001}.Debug|Any CPU.ActiveCfg = Debug|Any CPU
		{20C8C330-152B-406B-9A2C-378D2AA91001}.Debug|Any CPU.Build.0 = Debug|Any CPU
		{20C8C330-152B-406B-9A2C-378D2AA91001}.Release|Any CPU.ActiveCfg = Release|Any CPU
		{20C8C330-152B-406B-9A2C-378D2AA91001}.Release|Any CPU.Build.0 = Release|Any CPU
		{BEF4CF23-2F46-4A02-AE02-649299CDABD7}.Debug|Any CPU.ActiveCfg = Debug|Any CPU
		{BEF4CF23-2F46-4A02-AE02-649299CDABD7}.Debug|Any CPU.Build.0 = Debug|Any CPU
		{BEF4CF23-2F46-4A02-AE02-649299CDABD7}.Release|Any CPU.ActiveCfg = Release|Any CPU
		{BEF4CF23-2F46-4A02-AE02-649299CDABD7}.Release|Any CPU.Build.0 = Release|Any CPU
		{597D1B94-E7BA-4798-B2E1-E45A0DC4B77C}.Debug|Any CPU.ActiveCfg = Debug|Any CPU
		{597D1B94-E7BA-4798-B2E1-E45A0DC4B77C}.Debug|Any CPU.Build.0 = Debug|Any CPU
		{597D1B94-E7BA-4798-B2E1-E45A0DC4B77C}.Release|Any CPU.ActiveCfg = Release|Any CPU
		{597D1B94-E7BA-4798-B2E1-E45A0DC4B77C}.Release|Any CPU.Build.0 = Release|Any CPU
		{137A7AAB-F962-4988-88E6-363CF49A702A}.Debug|Any CPU.ActiveCfg = Debug|Any CPU
		{137A7AAB-F962-4988-88E6-363CF49A702A}.Debug|Any CPU.Build.0 = Debug|Any CPU
		{137A7AAB-F962-4988-88E6-363CF49A702A}.Release|Any CPU.ActiveCfg = Release|Any CPU
		{137A7AAB-F962-4988-88E6-363CF49A702A}.Release|Any CPU.Build.0 = Release|Any CPU
	EndGlobalSection
	GlobalSection(SolutionProperties) = preSolution
		HideSolutionNode = FALSE
	EndGlobalSection
	GlobalSection(NestedProjects) = preSolution
		{E8698844-8DA6-44D4-9290-F816B135E44E} = {F74A70F8-A938-4587-B083-8DC615B98D23}
	EndGlobalSection
	GlobalSection(ExtensibilityGlobals) = postSolution
		SolutionGuid = {B742F3AC-5BCA-469A-BBD4-A787AC019E72}
	EndGlobalSection
EndGlobal
