
Microsoft Visual Studio Solution File, Format Version 12.00
# Visual Studio Version 17
VisualStudioVersion = 17.9.34622.214
MinimumVisualStudioVersion = 10.0.40219.1
Project("{9A19103F-16F7-4668-BE54-9A1E7A4F7556}") = "FF1R", "FF1R\FF1R.csproj", "{20C8C330-152B-406B-9A2C-378D2AA91001}"
EndProject
Project("{2150E333-8FDC-42A3-9474-1A3956D46DE8}") = "Solution Items", "Solution Items", "{F74A70F8-A938-4587-B083-8DC615B98D23}"
	ProjectSection(SolutionItems) = preProject
		.editorconfig = .editorconfig
		.gitignore = .gitignore
	EndProjectSection
EndProject
Project("{2150E333-8FDC-42A3-9474-1A3956D46DE8}") = ".circleci", ".circleci", "{E8698844-8DA6-44D4-9290-F816B135E44E}"
	ProjectSection(SolutionItems) = preProject
		.circleci\build.sh = .circleci\build.sh
		.circleci\config.yml = .circleci\config.yml
		.circleci\deploy.sh = .circleci\deploy.sh
	EndProjectSection
EndProject
Project("{9A19103F-16F7-4668-BE54-9A1E7A4F7556}") = "FF1Blazorizer", "FF1Blazorizer\FF1Blazorizer.csproj", "{43BF489E-8125-430E-8AA2-5BD850CB2567}"
EndProject
Project("{9A19103F-16F7-4668-BE54-9A1E7A4F7556}") = "FFR.Common.Tests", "FFR.Common.Tests\FFR.Common.Tests.csproj", "{93FA510C-CC5D-4B74-A341-7CFE18357EF1}"
EndProject
Project("{2150E333-8FDC-42A3-9474-1A3956D46DE8}") = "configs", "configs", "{017DEFA2-6394-4C59-89FF-4220BE6F1F32}"
	ProjectSection(SolutionItems) = preProject
		.circleci\configs\config.json = .circleci\configs\config.json
		.circleci\configs\configSchema.json = .circleci\configs\configSchema.json
	EndProjectSection
EndProject
Project("{2150E333-8FDC-42A3-9474-1A3956D46DE8}") = "netlify", "netlify", "{4734BB15-ADDA-41E0-AC30-6DBCEAE397D1}"
	ProjectSection(SolutionItems) = preProject
		netlify\Dockerfile.alpine = netlify\Dockerfile.alpine
		netlify\Dockerfile.buster = netlify\Dockerfile.buster
	EndProjectSection
EndProject
Project("{9A19103F-16F7-4668-BE54-9A1E7A4F7556}") = "FF1Randomizer", "FF1Randomizer\FF1Randomizer.csproj", "{62534BEA-C1A8-4711-A4E8-F89EAC62655E}"
EndProject
Project("{9A19103F-16F7-4668-BE54-9A1E7A4F7556}") = "FFR.Common", "FFR.Common\FFR.Common.csproj", "{3889F6E5-223F-4357-8235-B1C61EBD665C}"
EndProject
Project("{9A19103F-16F7-4668-BE54-9A1E7A4F7556}") = "FF1Lib", "FF1Lib\FF1Lib.csproj", "{416AE051-B042-41D7-A86C-AA38976D27EC}"
EndProject
Global
	GlobalSection(SolutionConfigurationPlatforms) = preSolution
		Debug|Any CPU = Debug|Any CPU
		Release|Any CPU = Release|Any CPU
	EndGlobalSection
	GlobalSection(ProjectConfigurationPlatforms) = postSolution
		{20C8C330-152B-406B-9A2C-378D2AA91001}.Debug|Any CPU.ActiveCfg = Debug|Any CPU
		{20C8C330-152B-406B-9A2C-378D2AA91001}.Debug|Any CPU.Build.0 = Debug|Any CPU
		{20C8C330-152B-406B-9A2C-378D2AA91001}.Release|Any CPU.ActiveCfg = Release|Any CPU
		{20C8C330-152B-406B-9A2C-378D2AA91001}.Release|Any CPU.Build.0 = Release|Any CPU
		{43BF489E-8125-430E-8AA2-5BD850CB2567}.Debug|Any CPU.ActiveCfg = Debug|Any CPU
		{43BF489E-8125-430E-8AA2-5BD850CB2567}.Debug|Any CPU.Build.0 = Debug|Any CPU
		{43BF489E-8125-430E-8AA2-5BD850CB2567}.Release|Any CPU.ActiveCfg = Release|Any CPU
		{43BF489E-8125-430E-8AA2-5BD850CB2567}.Release|Any CPU.Build.0 = Release|Any CPU
		{93FA510C-CC5D-4B74-A341-7CFE18357EF1}.Debug|Any CPU.ActiveCfg = Debug|Any CPU
		{93FA510C-CC5D-4B74-A341-7CFE18357EF1}.Debug|Any CPU.Build.0 = Debug|Any CPU
		{93FA510C-CC5D-4B74-A341-7CFE18357EF1}.Release|Any CPU.ActiveCfg = Release|Any CPU
		{93FA510C-CC5D-4B74-A341-7CFE18357EF1}.Release|Any CPU.Build.0 = Release|Any CPU
		{62534BEA-C1A8-4711-A4E8-F89EAC62655E}.Debug|Any CPU.ActiveCfg = Debug|Any CPU
		{62534BEA-C1A8-4711-A4E8-F89EAC62655E}.Debug|Any CPU.Build.0 = Debug|Any CPU
		{62534BEA-C1A8-4711-A4E8-F89EAC62655E}.Release|Any CPU.ActiveCfg = Release|Any CPU
		{62534BEA-C1A8-4711-A4E8-F89EAC62655E}.Release|Any CPU.Build.0 = Release|Any CPU
		{3889F6E5-223F-4357-8235-B1C61EBD665C}.Debug|Any CPU.ActiveCfg = Debug|Any CPU
		{3889F6E5-223F-4357-8235-B1C61EBD665C}.Debug|Any CPU.Build.0 = Debug|Any CPU
		{3889F6E5-223F-4357-8235-B1C61EBD665C}.Release|Any CPU.ActiveCfg = Release|Any CPU
		{3889F6E5-223F-4357-8235-B1C61EBD665C}.Release|Any CPU.Build.0 = Release|Any CPU
		{416AE051-B042-41D7-A86C-AA38976D27EC}.Debug|Any CPU.ActiveCfg = Debug|Any CPU
		{416AE051-B042-41D7-A86C-AA38976D27EC}.Debug|Any CPU.Build.0 = Debug|Any CPU
		{416AE051-B042-41D7-A86C-AA38976D27EC}.Release|Any CPU.ActiveCfg = Release|Any CPU
		{416AE051-B042-41D7-A86C-AA38976D27EC}.Release|Any CPU.Build.0 = Release|Any CPU
	EndGlobalSection
	GlobalSection(SolutionProperties) = preSolution
		HideSolutionNode = FALSE
	EndGlobalSection
	GlobalSection(NestedProjects) = preSolution
		{E8698844-8DA6-44D4-9290-F816B135E44E} = {F74A70F8-A938-4587-B083-8DC615B98D23}
		{017DEFA2-6394-4C59-89FF-4220BE6F1F32} = {E8698844-8DA6-44D4-9290-F816B135E44E}
		{4734BB15-ADDA-41E0-AC30-6DBCEAE397D1} = {F74A70F8-A938-4587-B083-8DC615B98D23}
	EndGlobalSection
	GlobalSection(ExtensibilityGlobals) = postSolution
		SolutionGuid = {B742F3AC-5BCA-469A-BBD4-A787AC019E72}
	EndGlobalSection
EndGlobal
